Microsoft Visual Studio Solution File, Format Version 12.00
# Visual Studio 2013
Project("{8BC9CEB8-8B4A-11D0-8D11-00A0C91BC942}") = "ALL_BUILD", "ALL_BUILD.vcxproj", "{7579902A-6544-4E00-953E-6080832F3F39}"
	ProjectSection(ProjectDependencies) = postProject
		{DE398DA2-6D3F-4D29-B28D-CE70ADD50090} = {DE398DA2-6D3F-4D29-B28D-CE70ADD50090}
		{5FE0D92C-709D-46C8-ABAF-617C6D6AF2C6} = {5FE0D92C-709D-46C8-ABAF-617C6D6AF2C6}
		{302C567A-E8C7-42D6-AE2D-E9FB1FF289E0} = {302C567A-E8C7-42D6-AE2D-E9FB1FF289E0}
		{CC148689-CA98-445C-A90D-B4C1DB0A6366} = {CC148689-CA98-445C-A90D-B4C1DB0A6366}
		{4BC9233D-0709-40F5-B85F-16DAE2DA11CF} = {4BC9233D-0709-40F5-B85F-16DAE2DA11CF}
		{8CF98E1E-35E9-4994-9AA3-9EA131CFFE90} = {8CF98E1E-35E9-4994-9AA3-9EA131CFFE90}
		{8C14CC5E-BAED-4F72-A555-39ED21365877} = {8C14CC5E-BAED-4F72-A555-39ED21365877}
		{6C00311B-B217-4CBF-B548-34AC5A6855C4} = {6C00311B-B217-4CBF-B548-34AC5A6855C4}
		{E1DAD9CA-951C-4A31-AF6C-57D4A0CD3465} = {E1DAD9CA-951C-4A31-AF6C-57D4A0CD3465}
		{6F24C756-A2F6-44FA-9A1A-1F0CB64DEF37} = {6F24C756-A2F6-44FA-9A1A-1F0CB64DEF37}
		{F692C189-4CD0-413C-9DBF-FE43CDBA13AB} = {F692C189-4CD0-413C-9DBF-FE43CDBA13AB}
		{B7D5B926-D29E-4332-B356-17FBDA6E4E97} = {B7D5B926-D29E-4332-B356-17FBDA6E4E97}
		{2D45BAB3-63FF-4BAD-B39C-C49D9F7D43A9} = {2D45BAB3-63FF-4BAD-B39C-C49D9F7D43A9}
		{A1FE382C-1360-4FBB-81B3-D98439BC9C49} = {A1FE382C-1360-4FBB-81B3-D98439BC9C49}
		{6D1E2E7B-4E02-488F-9412-05EBA421305D} = {6D1E2E7B-4E02-488F-9412-05EBA421305D}
		{0E5EF607-754F-4916-8A56-DC140272B04C} = {0E5EF607-754F-4916-8A56-DC140272B04C}
		{7EC5A778-8B3F-4147-8AB2-C0EFB5D0A844} = {7EC5A778-8B3F-4147-8AB2-C0EFB5D0A844}
	EndProjectSection
EndProject
Project("{8BC9CEB8-8B4A-11D0-8D11-00A0C91BC942}") = "INSTALL", "INSTALL.vcxproj", "{2FAAED4F-D8A8-4772-9420-A8C255DDB46F}"
	ProjectSection(ProjectDependencies) = postProject
		{7579902A-6544-4E00-953E-6080832F3F39} = {7579902A-6544-4E00-953E-6080832F3F39}
	EndProjectSection
EndProject
Project("{8BC9CEB8-8B4A-11D0-8D11-00A0C91BC942}") = "ZERO_CHECK", "ZERO_CHECK.vcxproj", "{DE398DA2-6D3F-4D29-B28D-CE70ADD50090}"
	ProjectSection(ProjectDependencies) = postProject
	EndProjectSection
EndProject
Project("{8BC9CEB8-8B4A-11D0-8D11-00A0C91BC942}") = "ftp", "examples\ftp\ftp.vcxproj", "{5FE0D92C-709D-46C8-ABAF-617C6D6AF2C6}"
	ProjectSection(ProjectDependencies) = postProject
		{DE398DA2-6D3F-4D29-B28D-CE70ADD50090} = {DE398DA2-6D3F-4D29-B28D-CE70ADD50090}
		{6C00311B-B217-4CBF-B548-34AC5A6855C4} = {6C00311B-B217-4CBF-B548-34AC5A6855C4}
		{E1DAD9CA-951C-4A31-AF6C-57D4A0CD3465} = {E1DAD9CA-951C-4A31-AF6C-57D4A0CD3465}
	EndProjectSection
EndProject
Project("{8BC9CEB8-8B4A-11D0-8D11-00A0C91BC942}") = "opengl", "examples\opengl\opengl.vcxproj", "{302C567A-E8C7-42D6-AE2D-E9FB1FF289E0}"
	ProjectSection(ProjectDependencies) = postProject
		{DE398DA2-6D3F-4D29-B28D-CE70ADD50090} = {DE398DA2-6D3F-4D29-B28D-CE70ADD50090}
		{8CF98E1E-35E9-4994-9AA3-9EA131CFFE90} = {8CF98E1E-35E9-4994-9AA3-9EA131CFFE90}
		{8C14CC5E-BAED-4F72-A555-39ED21365877} = {8C14CC5E-BAED-4F72-A555-39ED21365877}
		{E1DAD9CA-951C-4A31-AF6C-57D4A0CD3465} = {E1DAD9CA-951C-4A31-AF6C-57D4A0CD3465}
		{6F24C756-A2F6-44FA-9A1A-1F0CB64DEF37} = {6F24C756-A2F6-44FA-9A1A-1F0CB64DEF37}
	EndProjectSection
EndProject
Project("{8BC9CEB8-8B4A-11D0-8D11-00A0C91BC942}") = "pong", "examples\pong\pong.vcxproj", "{CC148689-CA98-445C-A90D-B4C1DB0A6366}"
	ProjectSection(ProjectDependencies) = postProject
		{DE398DA2-6D3F-4D29-B28D-CE70ADD50090} = {DE398DA2-6D3F-4D29-B28D-CE70ADD50090}
		{4BC9233D-0709-40F5-B85F-16DAE2DA11CF} = {4BC9233D-0709-40F5-B85F-16DAE2DA11CF}
		{8CF98E1E-35E9-4994-9AA3-9EA131CFFE90} = {8CF98E1E-35E9-4994-9AA3-9EA131CFFE90}
		{8C14CC5E-BAED-4F72-A555-39ED21365877} = {8C14CC5E-BAED-4F72-A555-39ED21365877}
		{E1DAD9CA-951C-4A31-AF6C-57D4A0CD3465} = {E1DAD9CA-951C-4A31-AF6C-57D4A0CD3465}
		{6F24C756-A2F6-44FA-9A1A-1F0CB64DEF37} = {6F24C756-A2F6-44FA-9A1A-1F0CB64DEF37}
	EndProjectSection
EndProject
Project("{8BC9CEB8-8B4A-11D0-8D11-00A0C91BC942}") = "sfml-audio", "src\SFML\Audio\sfml-audio.vcxproj", "{4BC9233D-0709-40F5-B85F-16DAE2DA11CF}"
	ProjectSection(ProjectDependencies) = postProject
		{DE398DA2-6D3F-4D29-B28D-CE70ADD50090} = {DE398DA2-6D3F-4D29-B28D-CE70ADD50090}
		{E1DAD9CA-951C-4A31-AF6C-57D4A0CD3465} = {E1DAD9CA-951C-4A31-AF6C-57D4A0CD3465}
	EndProjectSection
EndProject
Project("{8BC9CEB8-8B4A-11D0-8D11-00A0C91BC942}") = "sfml-graphics", "src\SFML\Graphics\sfml-graphics.vcxproj", "{8CF98E1E-35E9-4994-9AA3-9EA131CFFE90}"
	ProjectSection(ProjectDependencies) = postProject
		{DE398DA2-6D3F-4D29-B28D-CE70ADD50090} = {DE398DA2-6D3F-4D29-B28D-CE70ADD50090}
		{E1DAD9CA-951C-4A31-AF6C-57D4A0CD3465} = {E1DAD9CA-951C-4A31-AF6C-57D4A0CD3465}
		{6F24C756-A2F6-44FA-9A1A-1F0CB64DEF37} = {6F24C756-A2F6-44FA-9A1A-1F0CB64DEF37}
	EndProjectSection
EndProject
Project("{8BC9CEB8-8B4A-11D0-8D11-00A0C91BC942}") = "sfml-main", "src\SFML\Main\sfml-main.vcxproj", "{8C14CC5E-BAED-4F72-A555-39ED21365877}"
	ProjectSection(ProjectDependencies) = postProject
		{DE398DA2-6D3F-4D29-B28D-CE70ADD50090} = {DE398DA2-6D3F-4D29-B28D-CE70ADD50090}
	EndProjectSection
EndProject
Project("{8BC9CEB8-8B4A-11D0-8D11-00A0C91BC942}") = "sfml-network", "src\SFML\Network\sfml-network.vcxproj", "{6C00311B-B217-4CBF-B548-34AC5A6855C4}"
	ProjectSection(ProjectDependencies) = postProject
		{DE398DA2-6D3F-4D29-B28D-CE70ADD50090} = {DE398DA2-6D3F-4D29-B28D-CE70ADD50090}
		{E1DAD9CA-951C-4A31-AF6C-57D4A0CD3465} = {E1DAD9CA-951C-4A31-AF6C-57D4A0CD3465}
	EndProjectSection
EndProject
Project("{8BC9CEB8-8B4A-11D0-8D11-00A0C91BC942}") = "sfml-system", "src\SFML\System\sfml-system.vcxproj", "{E1DAD9CA-951C-4A31-AF6C-57D4A0CD3465}"
	ProjectSection(ProjectDependencies) = postProject
		{DE398DA2-6D3F-4D29-B28D-CE70ADD50090} = {DE398DA2-6D3F-4D29-B28D-CE70ADD50090}
	EndProjectSection
EndProject
Project("{8BC9CEB8-8B4A-11D0-8D11-00A0C91BC942}") = "sfml-window", "src\SFML\Window\sfml-window.vcxproj", "{6F24C756-A2F6-44FA-9A1A-1F0CB64DEF37}"
	ProjectSection(ProjectDependencies) = postProject
		{DE398DA2-6D3F-4D29-B28D-CE70ADD50090} = {DE398DA2-6D3F-4D29-B28D-CE70ADD50090}
		{E1DAD9CA-951C-4A31-AF6C-57D4A0CD3465} = {E1DAD9CA-951C-4A31-AF6C-57D4A0CD3465}
	EndProjectSection
EndProject
Project("{8BC9CEB8-8B4A-11D0-8D11-00A0C91BC942}") = "shader", "examples\shader\shader.vcxproj", "{F692C189-4CD0-413C-9DBF-FE43CDBA13AB}"
	ProjectSection(ProjectDependencies) = postProject
		{DE398DA2-6D3F-4D29-B28D-CE70ADD50090} = {DE398DA2-6D3F-4D29-B28D-CE70ADD50090}
		{8CF98E1E-35E9-4994-9AA3-9EA131CFFE90} = {8CF98E1E-35E9-4994-9AA3-9EA131CFFE90}
		{8C14CC5E-BAED-4F72-A555-39ED21365877} = {8C14CC5E-BAED-4F72-A555-39ED21365877}
		{E1DAD9CA-951C-4A31-AF6C-57D4A0CD3465} = {E1DAD9CA-951C-4A31-AF6C-57D4A0CD3465}
		{6F24C756-A2F6-44FA-9A1A-1F0CB64DEF37} = {6F24C756-A2F6-44FA-9A1A-1F0CB64DEF37}
	EndProjectSection
EndProject
Project("{8BC9CEB8-8B4A-11D0-8D11-00A0C91BC942}") = "sockets", "examples\sockets\sockets.vcxproj", "{B7D5B926-D29E-4332-B356-17FBDA6E4E97}"
	ProjectSection(ProjectDependencies) = postProject
		{DE398DA2-6D3F-4D29-B28D-CE70ADD50090} = {DE398DA2-6D3F-4D29-B28D-CE70ADD50090}
		{6C00311B-B217-4CBF-B548-34AC5A6855C4} = {6C00311B-B217-4CBF-B548-34AC5A6855C4}
		{E1DAD9CA-951C-4A31-AF6C-57D4A0CD3465} = {E1DAD9CA-951C-4A31-AF6C-57D4A0CD3465}
	EndProjectSection
EndProject
Project("{8BC9CEB8-8B4A-11D0-8D11-00A0C91BC942}") = "sound", "examples\sound\sound.vcxproj", "{2D45BAB3-63FF-4BAD-B39C-C49D9F7D43A9}"
	ProjectSection(ProjectDependencies) = postProject
		{DE398DA2-6D3F-4D29-B28D-CE70ADD50090} = {DE398DA2-6D3F-4D29-B28D-CE70ADD50090}
		{4BC9233D-0709-40F5-B85F-16DAE2DA11CF} = {4BC9233D-0709-40F5-B85F-16DAE2DA11CF}
		{E1DAD9CA-951C-4A31-AF6C-57D4A0CD3465} = {E1DAD9CA-951C-4A31-AF6C-57D4A0CD3465}
	EndProjectSection
EndProject
Project("{8BC9CEB8-8B4A-11D0-8D11-00A0C91BC942}") = "sound-capture", "examples\sound_capture\sound-capture.vcxproj", "{A1FE382C-1360-4FBB-81B3-D98439BC9C49}"
	ProjectSection(ProjectDependencies) = postProject
		{DE398DA2-6D3F-4D29-B28D-CE70ADD50090} = {DE398DA2-6D3F-4D29-B28D-CE70ADD50090}
		{4BC9233D-0709-40F5-B85F-16DAE2DA11CF} = {4BC9233D-0709-40F5-B85F-16DAE2DA11CF}
		{E1DAD9CA-951C-4A31-AF6C-57D4A0CD3465} = {E1DAD9CA-951C-4A31-AF6C-57D4A0CD3465}
	EndProjectSection
EndProject
Project("{8BC9CEB8-8B4A-11D0-8D11-00A0C91BC942}") = "voip", "examples\voip\voip.vcxproj", "{6D1E2E7B-4E02-488F-9412-05EBA421305D}"
	ProjectSection(ProjectDependencies) = postProject
		{DE398DA2-6D3F-4D29-B28D-CE70ADD50090} = {DE398DA2-6D3F-4D29-B28D-CE70ADD50090}
		{4BC9233D-0709-40F5-B85F-16DAE2DA11CF} = {4BC9233D-0709-40F5-B85F-16DAE2DA11CF}
		{6C00311B-B217-4CBF-B548-34AC5A6855C4} = {6C00311B-B217-4CBF-B548-34AC5A6855C4}
		{E1DAD9CA-951C-4A31-AF6C-57D4A0CD3465} = {E1DAD9CA-951C-4A31-AF6C-57D4A0CD3465}
	EndProjectSection
EndProject
Project("{8BC9CEB8-8B4A-11D0-8D11-00A0C91BC942}") = "win32", "examples\win32\win32.vcxproj", "{0E5EF607-754F-4916-8A56-DC140272B04C}"
	ProjectSection(ProjectDependencies) = postProject
		{DE398DA2-6D3F-4D29-B28D-CE70ADD50090} = {DE398DA2-6D3F-4D29-B28D-CE70ADD50090}
		{8CF98E1E-35E9-4994-9AA3-9EA131CFFE90} = {8CF98E1E-35E9-4994-9AA3-9EA131CFFE90}
		{8C14CC5E-BAED-4F72-A555-39ED21365877} = {8C14CC5E-BAED-4F72-A555-39ED21365877}
		{E1DAD9CA-951C-4A31-AF6C-57D4A0CD3465} = {E1DAD9CA-951C-4A31-AF6C-57D4A0CD3465}
		{6F24C756-A2F6-44FA-9A1A-1F0CB64DEF37} = {6F24C756-A2F6-44FA-9A1A-1F0CB64DEF37}
	EndProjectSection
EndProject
Project("{8BC9CEB8-8B4A-11D0-8D11-00A0C91BC942}") = "window", "examples\window\window.vcxproj", "{7EC5A778-8B3F-4147-8AB2-C0EFB5D0A844}"
	ProjectSection(ProjectDependencies) = postProject
		{DE398DA2-6D3F-4D29-B28D-CE70ADD50090} = {DE398DA2-6D3F-4D29-B28D-CE70ADD50090}
		{8C14CC5E-BAED-4F72-A555-39ED21365877} = {8C14CC5E-BAED-4F72-A555-39ED21365877}
		{E1DAD9CA-951C-4A31-AF6C-57D4A0CD3465} = {E1DAD9CA-951C-4A31-AF6C-57D4A0CD3465}
		{6F24C756-A2F6-44FA-9A1A-1F0CB64DEF37} = {6F24C756-A2F6-44FA-9A1A-1F0CB64DEF37}
	EndProjectSection
EndProject
Project("{2150E333-8FDC-42A3-9474-1A3956D46DE8}") = "CMake", "CMake", "{5D4140D5-627B-4835-8B8A-712EA768F7F3}"
EndProject
Project("{2150E333-8FDC-42A3-9474-1A3956D46DE8}") = "Examples", "Examples", "{015434CF-43FE-4146-8D04-E7B101203751}"
EndProject
Project("{2150E333-8FDC-42A3-9474-1A3956D46DE8}") = "SFML", "SFML", "{928B83AD-733A-4ADB-BD70-ED4B6BBF0C57}"
EndProject
Global
	GlobalSection(SolutionConfigurationPlatforms) = preSolution
		Debug|Win32 = Debug|Win32
		Release|Win32 = Release|Win32
		MinSizeRel|Win32 = MinSizeRel|Win32
		RelWithDebInfo|Win32 = RelWithDebInfo|Win32
	EndGlobalSection
	GlobalSection(ProjectConfigurationPlatforms) = postSolution
		{7579902A-6544-4E00-953E-6080832F3F39}.Debug|Win32.ActiveCfg = Debug|Win32
		{7579902A-6544-4E00-953E-6080832F3F39}.Debug|Win32.Build.0 = Debug|Win32
		{7579902A-6544-4E00-953E-6080832F3F39}.Release|Win32.ActiveCfg = Release|Win32
		{7579902A-6544-4E00-953E-6080832F3F39}.Release|Win32.Build.0 = Release|Win32
		{7579902A-6544-4E00-953E-6080832F3F39}.MinSizeRel|Win32.ActiveCfg = MinSizeRel|Win32
		{7579902A-6544-4E00-953E-6080832F3F39}.MinSizeRel|Win32.Build.0 = MinSizeRel|Win32
		{7579902A-6544-4E00-953E-6080832F3F39}.RelWithDebInfo|Win32.ActiveCfg = RelWithDebInfo|Win32
		{7579902A-6544-4E00-953E-6080832F3F39}.RelWithDebInfo|Win32.Build.0 = RelWithDebInfo|Win32
		{2FAAED4F-D8A8-4772-9420-A8C255DDB46F}.Debug|Win32.ActiveCfg = Debug|Win32
		{2FAAED4F-D8A8-4772-9420-A8C255DDB46F}.Release|Win32.ActiveCfg = Release|Win32
		{2FAAED4F-D8A8-4772-9420-A8C255DDB46F}.MinSizeRel|Win32.ActiveCfg = MinSizeRel|Win32
		{2FAAED4F-D8A8-4772-9420-A8C255DDB46F}.RelWithDebInfo|Win32.ActiveCfg = RelWithDebInfo|Win32
		{DE398DA2-6D3F-4D29-B28D-CE70ADD50090}.Debug|Win32.ActiveCfg = Debug|Win32
		{DE398DA2-6D3F-4D29-B28D-CE70ADD50090}.Debug|Win32.Build.0 = Debug|Win32
		{DE398DA2-6D3F-4D29-B28D-CE70ADD50090}.Release|Win32.ActiveCfg = Release|Win32
		{DE398DA2-6D3F-4D29-B28D-CE70ADD50090}.Release|Win32.Build.0 = Release|Win32
		{DE398DA2-6D3F-4D29-B28D-CE70ADD50090}.MinSizeRel|Win32.ActiveCfg = MinSizeRel|Win32
		{DE398DA2-6D3F-4D29-B28D-CE70ADD50090}.MinSizeRel|Win32.Build.0 = MinSizeRel|Win32
		{DE398DA2-6D3F-4D29-B28D-CE70ADD50090}.RelWithDebInfo|Win32.ActiveCfg = RelWithDebInfo|Win32
		{DE398DA2-6D3F-4D29-B28D-CE70ADD50090}.RelWithDebInfo|Win32.Build.0 = RelWithDebInfo|Win32
		{5FE0D92C-709D-46C8-ABAF-617C6D6AF2C6}.Debug|Win32.ActiveCfg = Debug|Win32
		{5FE0D92C-709D-46C8-ABAF-617C6D6AF2C6}.Debug|Win32.Build.0 = Debug|Win32
		{5FE0D92C-709D-46C8-ABAF-617C6D6AF2C6}.Release|Win32.ActiveCfg = Release|Win32
		{5FE0D92C-709D-46C8-ABAF-617C6D6AF2C6}.Release|Win32.Build.0 = Release|Win32
		{5FE0D92C-709D-46C8-ABAF-617C6D6AF2C6}.MinSizeRel|Win32.ActiveCfg = MinSizeRel|Win32
		{5FE0D92C-709D-46C8-ABAF-617C6D6AF2C6}.MinSizeRel|Win32.Build.0 = MinSizeRel|Win32
		{5FE0D92C-709D-46C8-ABAF-617C6D6AF2C6}.RelWithDebInfo|Win32.ActiveCfg = RelWithDebInfo|Win32
		{5FE0D92C-709D-46C8-ABAF-617C6D6AF2C6}.RelWithDebInfo|Win32.Build.0 = RelWithDebInfo|Win32
		{302C567A-E8C7-42D6-AE2D-E9FB1FF289E0}.Debug|Win32.ActiveCfg = Debug|Win32
		{302C567A-E8C7-42D6-AE2D-E9FB1FF289E0}.Debug|Win32.Build.0 = Debug|Win32
		{302C567A-E8C7-42D6-AE2D-E9FB1FF289E0}.Release|Win32.ActiveCfg = Release|Win32
		{302C567A-E8C7-42D6-AE2D-E9FB1FF289E0}.Release|Win32.Build.0 = Release|Win32
		{302C567A-E8C7-42D6-AE2D-E9FB1FF289E0}.MinSizeRel|Win32.ActiveCfg = MinSizeRel|Win32
		{302C567A-E8C7-42D6-AE2D-E9FB1FF289E0}.MinSizeRel|Win32.Build.0 = MinSizeRel|Win32
		{302C567A-E8C7-42D6-AE2D-E9FB1FF289E0}.RelWithDebInfo|Win32.ActiveCfg = RelWithDebInfo|Win32
		{302C567A-E8C7-42D6-AE2D-E9FB1FF289E0}.RelWithDebInfo|Win32.Build.0 = RelWithDebInfo|Win32
		{CC148689-CA98-445C-A90D-B4C1DB0A6366}.Debug|Win32.ActiveCfg = Debug|Win32
		{CC148689-CA98-445C-A90D-B4C1DB0A6366}.Debug|Win32.Build.0 = Debug|Win32
		{CC148689-CA98-445C-A90D-B4C1DB0A6366}.Release|Win32.ActiveCfg = Release|Win32
		{CC148689-CA98-445C-A90D-B4C1DB0A6366}.Release|Win32.Build.0 = Release|Win32
		{CC148689-CA98-445C-A90D-B4C1DB0A6366}.MinSizeRel|Win32.ActiveCfg = MinSizeRel|Win32
		{CC148689-CA98-445C-A90D-B4C1DB0A6366}.MinSizeRel|Win32.Build.0 = MinSizeRel|Win32
		{CC148689-CA98-445C-A90D-B4C1DB0A6366}.RelWithDebInfo|Win32.ActiveCfg = RelWithDebInfo|Win32
		{CC148689-CA98-445C-A90D-B4C1DB0A6366}.RelWithDebInfo|Win32.Build.0 = RelWithDebInfo|Win32
		{4BC9233D-0709-40F5-B85F-16DAE2DA11CF}.Debug|Win32.ActiveCfg = Debug|Win32
		{4BC9233D-0709-40F5-B85F-16DAE2DA11CF}.Debug|Win32.Build.0 = Debug|Win32
		{4BC9233D-0709-40F5-B85F-16DAE2DA11CF}.Release|Win32.ActiveCfg = Release|Win32
		{4BC9233D-0709-40F5-B85F-16DAE2DA11CF}.Release|Win32.Build.0 = Release|Win32
		{4BC9233D-0709-40F5-B85F-16DAE2DA11CF}.MinSizeRel|Win32.ActiveCfg = MinSizeRel|Win32
		{4BC9233D-0709-40F5-B85F-16DAE2DA11CF}.MinSizeRel|Win32.Build.0 = MinSizeRel|Win32
		{4BC9233D-0709-40F5-B85F-16DAE2DA11CF}.RelWithDebInfo|Win32.ActiveCfg = RelWithDebInfo|Win32
		{4BC9233D-0709-40F5-B85F-16DAE2DA11CF}.RelWithDebInfo|Win32.Build.0 = RelWithDebInfo|Win32
		{8CF98E1E-35E9-4994-9AA3-9EA131CFFE90}.Debug|Win32.ActiveCfg = Debug|Win32
		{8CF98E1E-35E9-4994-9AA3-9EA131CFFE90}.Debug|Win32.Build.0 = Debug|Win32
		{8CF98E1E-35E9-4994-9AA3-9EA131CFFE90}.Release|Win32.ActiveCfg = Release|Win32
		{8CF98E1E-35E9-4994-9AA3-9EA131CFFE90}.Release|Win32.Build.0 = Release|Win32
		{8CF98E1E-35E9-4994-9AA3-9EA131CFFE90}.MinSizeRel|Win32.ActiveCfg = MinSizeRel|Win32
		{8CF98E1E-35E9-4994-9AA3-9EA131CFFE90}.MinSizeRel|Win32.Build.0 = MinSizeRel|Win32
		{8CF98E1E-35E9-4994-9AA3-9EA131CFFE90}.RelWithDebInfo|Win32.ActiveCfg = RelWithDebInfo|Win32
		{8CF98E1E-35E9-4994-9AA3-9EA131CFFE90}.RelWithDebInfo|Win32.Build.0 = RelWithDebInfo|Win32
		{8C14CC5E-BAED-4F72-A555-39ED21365877}.Debug|Win32.ActiveCfg = Debug|Win32
		{8C14CC5E-BAED-4F72-A555-39ED21365877}.Debug|Win32.Build.0 = Debug|Win32
		{8C14CC5E-BAED-4F72-A555-39ED21365877}.Release|Win32.ActiveCfg = Release|Win32
		{8C14CC5E-BAED-4F72-A555-39ED21365877}.Release|Win32.Build.0 = Release|Win32
		{8C14CC5E-BAED-4F72-A555-39ED21365877}.MinSizeRel|Win32.ActiveCfg = MinSizeRel|Win32
		{8C14CC5E-BAED-4F72-A555-39ED21365877}.MinSizeRel|Win32.Build.0 = MinSizeRel|Win32
		{8C14CC5E-BAED-4F72-A555-39ED21365877}.RelWithDebInfo|Win32.ActiveCfg = RelWithDebInfo|Win32
		{8C14CC5E-BAED-4F72-A555-39ED21365877}.RelWithDebInfo|Win32.Build.0 = RelWithDebInfo|Win32
		{6C00311B-B217-4CBF-B548-34AC5A6855C4}.Debug|Win32.ActiveCfg = Debug|Win32
		{6C00311B-B217-4CBF-B548-34AC5A6855C4}.Debug|Win32.Build.0 = Debug|Win32
		{6C00311B-B217-4CBF-B548-34AC5A6855C4}.Release|Win32.ActiveCfg = Release|Win32
		{6C00311B-B217-4CBF-B548-34AC5A6855C4}.Release|Win32.Build.0 = Release|Win32
		{6C00311B-B217-4CBF-B548-34AC5A6855C4}.MinSizeRel|Win32.ActiveCfg = MinSizeRel|Win32
		{6C00311B-B217-4CBF-B548-34AC5A6855C4}.MinSizeRel|Win32.Build.0 = MinSizeRel|Win32
		{6C00311B-B217-4CBF-B548-34AC5A6855C4}.RelWithDebInfo|Win32.ActiveCfg = RelWithDebInfo|Win32
		{6C00311B-B217-4CBF-B548-34AC5A6855C4}.RelWithDebInfo|Win32.Build.0 = RelWithDebInfo|Win32
		{E1DAD9CA-951C-4A31-AF6C-57D4A0CD3465}.Debug|Win32.ActiveCfg = Debug|Win32
		{E1DAD9CA-951C-4A31-AF6C-57D4A0CD3465}.Debug|Win32.Build.0 = Debug|Win32
		{E1DAD9CA-951C-4A31-AF6C-57D4A0CD3465}.Release|Win32.ActiveCfg = Release|Win32
		{E1DAD9CA-951C-4A31-AF6C-57D4A0CD3465}.Release|Win32.Build.0 = Release|Win32
		{E1DAD9CA-951C-4A31-AF6C-57D4A0CD3465}.MinSizeRel|Win32.ActiveCfg = MinSizeRel|Win32
		{E1DAD9CA-951C-4A31-AF6C-57D4A0CD3465}.MinSizeRel|Win32.Build.0 = MinSizeRel|Win32
		{E1DAD9CA-951C-4A31-AF6C-57D4A0CD3465}.RelWithDebInfo|Win32.ActiveCfg = RelWithDebInfo|Win32
		{E1DAD9CA-951C-4A31-AF6C-57D4A0CD3465}.RelWithDebInfo|Win32.Build.0 = RelWithDebInfo|Win32
		{6F24C756-A2F6-44FA-9A1A-1F0CB64DEF37}.Debug|Win32.ActiveCfg = Debug|Win32
		{6F24C756-A2F6-44FA-9A1A-1F0CB64DEF37}.Debug|Win32.Build.0 = Debug|Win32
		{6F24C756-A2F6-44FA-9A1A-1F0CB64DEF37}.Release|Win32.ActiveCfg = Release|Win32
		{6F24C756-A2F6-44FA-9A1A-1F0CB64DEF37}.Release|Win32.Build.0 = Release|Win32
		{6F24C756-A2F6-44FA-9A1A-1F0CB64DEF37}.MinSizeRel|Win32.ActiveCfg = MinSizeRel|Win32
		{6F24C756-A2F6-44FA-9A1A-1F0CB64DEF37}.MinSizeRel|Win32.Build.0 = MinSizeRel|Win32
		{6F24C756-A2F6-44FA-9A1A-1F0CB64DEF37}.RelWithDebInfo|Win32.ActiveCfg = RelWithDebInfo|Win32
		{6F24C756-A2F6-44FA-9A1A-1F0CB64DEF37}.RelWithDebInfo|Win32.Build.0 = RelWithDebInfo|Win32
		{F692C189-4CD0-413C-9DBF-FE43CDBA13AB}.Debug|Win32.ActiveCfg = Debug|Win32
		{F692C189-4CD0-413C-9DBF-FE43CDBA13AB}.Debug|Win32.Build.0 = Debug|Win32
		{F692C189-4CD0-413C-9DBF-FE43CDBA13AB}.Release|Win32.ActiveCfg = Release|Win32
		{F692C189-4CD0-413C-9DBF-FE43CDBA13AB}.Release|Win32.Build.0 = Release|Win32
		{F692C189-4CD0-413C-9DBF-FE43CDBA13AB}.MinSizeRel|Win32.ActiveCfg = MinSizeRel|Win32
		{F692C189-4CD0-413C-9DBF-FE43CDBA13AB}.MinSizeRel|Win32.Build.0 = MinSizeRel|Win32
		{F692C189-4CD0-413C-9DBF-FE43CDBA13AB}.RelWithDebInfo|Win32.ActiveCfg = RelWithDebInfo|Win32
		{F692C189-4CD0-413C-9DBF-FE43CDBA13AB}.RelWithDebInfo|Win32.Build.0 = RelWithDebInfo|Win32
		{B7D5B926-D29E-4332-B356-17FBDA6E4E97}.Debug|Win32.ActiveCfg = Debug|Win32
		{B7D5B926-D29E-4332-B356-17FBDA6E4E97}.Debug|Win32.Build.0 = Debug|Win32
		{B7D5B926-D29E-4332-B356-17FBDA6E4E97}.Release|Win32.ActiveCfg = Release|Win32
		{B7D5B926-D29E-4332-B356-17FBDA6E4E97}.Release|Win32.Build.0 = Release|Win32
		{B7D5B926-D29E-4332-B356-17FBDA6E4E97}.MinSizeRel|Win32.ActiveCfg = MinSizeRel|Win32
		{B7D5B926-D29E-4332-B356-17FBDA6E4E97}.MinSizeRel|Win32.Build.0 = MinSizeRel|Win32
		{B7D5B926-D29E-4332-B356-17FBDA6E4E97}.RelWithDebInfo|Win32.ActiveCfg = RelWithDebInfo|Win32
		{B7D5B926-D29E-4332-B356-17FBDA6E4E97}.RelWithDebInfo|Win32.Build.0 = RelWithDebInfo|Win32
		{2D45BAB3-63FF-4BAD-B39C-C49D9F7D43A9}.Debug|Win32.ActiveCfg = Debug|Win32
		{2D45BAB3-63FF-4BAD-B39C-C49D9F7D43A9}.Debug|Win32.Build.0 = Debug|Win32
		{2D45BAB3-63FF-4BAD-B39C-C49D9F7D43A9}.Release|Win32.ActiveCfg = Release|Win32
		{2D45BAB3-63FF-4BAD-B39C-C49D9F7D43A9}.Release|Win32.Build.0 = Release|Win32
		{2D45BAB3-63FF-4BAD-B39C-C49D9F7D43A9}.MinSizeRel|Win32.ActiveCfg = MinSizeRel|Win32
		{2D45BAB3-63FF-4BAD-B39C-C49D9F7D43A9}.MinSizeRel|Win32.Build.0 = MinSizeRel|Win32
		{2D45BAB3-63FF-4BAD-B39C-C49D9F7D43A9}.RelWithDebInfo|Win32.ActiveCfg = RelWithDebInfo|Win32
		{2D45BAB3-63FF-4BAD-B39C-C49D9F7D43A9}.RelWithDebInfo|Win32.Build.0 = RelWithDebInfo|Win32
		{A1FE382C-1360-4FBB-81B3-D98439BC9C49}.Debug|Win32.ActiveCfg = Debug|Win32
		{A1FE382C-1360-4FBB-81B3-D98439BC9C49}.Debug|Win32.Build.0 = Debug|Win32
		{A1FE382C-1360-4FBB-81B3-D98439BC9C49}.Release|Win32.ActiveCfg = Release|Win32
		{A1FE382C-1360-4FBB-81B3-D98439BC9C49}.Release|Win32.Build.0 = Release|Win32
		{A1FE382C-1360-4FBB-81B3-D98439BC9C49}.MinSizeRel|Win32.ActiveCfg = MinSizeRel|Win32
		{A1FE382C-1360-4FBB-81B3-D98439BC9C49}.MinSizeRel|Win32.Build.0 = MinSizeRel|Win32
		{A1FE382C-1360-4FBB-81B3-D98439BC9C49}.RelWithDebInfo|Win32.ActiveCfg = RelWithDebInfo|Win32
		{A1FE382C-1360-4FBB-81B3-D98439BC9C49}.RelWithDebInfo|Win32.Build.0 = RelWithDebInfo|Win32
		{6D1E2E7B-4E02-488F-9412-05EBA421305D}.Debug|Win32.ActiveCfg = Debug|Win32
		{6D1E2E7B-4E02-488F-9412-05EBA421305D}.Debug|Win32.Build.0 = Debug|Win32
		{6D1E2E7B-4E02-488F-9412-05EBA421305D}.Release|Win32.ActiveCfg = Release|Win32
		{6D1E2E7B-4E02-488F-9412-05EBA421305D}.Release|Win32.Build.0 = Release|Win32
		{6D1E2E7B-4E02-488F-9412-05EBA421305D}.MinSizeRel|Win32.ActiveCfg = MinSizeRel|Win32
		{6D1E2E7B-4E02-488F-9412-05EBA421305D}.MinSizeRel|Win32.Build.0 = MinSizeRel|Win32
		{6D1E2E7B-4E02-488F-9412-05EBA421305D}.RelWithDebInfo|Win32.ActiveCfg = RelWithDebInfo|Win32
		{6D1E2E7B-4E02-488F-9412-05EBA421305D}.RelWithDebInfo|Win32.Build.0 = RelWithDebInfo|Win32
		{0E5EF607-754F-4916-8A56-DC140272B04C}.Debug|Win32.ActiveCfg = Debug|Win32
		{0E5EF607-754F-4916-8A56-DC140272B04C}.Debug|Win32.Build.0 = Debug|Win32
		{0E5EF607-754F-4916-8A56-DC140272B04C}.Release|Win32.ActiveCfg = Release|Win32
		{0E5EF607-754F-4916-8A56-DC140272B04C}.Release|Win32.Build.0 = Release|Win32
		{0E5EF607-754F-4916-8A56-DC140272B04C}.MinSizeRel|Win32.ActiveCfg = MinSizeRel|Win32
		{0E5EF607-754F-4916-8A56-DC140272B04C}.MinSizeRel|Win32.Build.0 = MinSizeRel|Win32
		{0E5EF607-754F-4916-8A56-DC140272B04C}.RelWithDebInfo|Win32.ActiveCfg = RelWithDebInfo|Win32
		{0E5EF607-754F-4916-8A56-DC140272B04C}.RelWithDebInfo|Win32.Build.0 = RelWithDebInfo|Win32
		{7EC5A778-8B3F-4147-8AB2-C0EFB5D0A844}.Debug|Win32.ActiveCfg = Debug|Win32
		{7EC5A778-8B3F-4147-8AB2-C0EFB5D0A844}.Debug|Win32.Build.0 = Debug|Win32
		{7EC5A778-8B3F-4147-8AB2-C0EFB5D0A844}.Release|Win32.ActiveCfg = Release|Win32
		{7EC5A778-8B3F-4147-8AB2-C0EFB5D0A844}.Release|Win32.Build.0 = Release|Win32
		{7EC5A778-8B3F-4147-8AB2-C0EFB5D0A844}.MinSizeRel|Win32.ActiveCfg = MinSizeRel|Win32
		{7EC5A778-8B3F-4147-8AB2-C0EFB5D0A844}.MinSizeRel|Win32.Build.0 = MinSizeRel|Win32
		{7EC5A778-8B3F-4147-8AB2-C0EFB5D0A844}.RelWithDebInfo|Win32.ActiveCfg = RelWithDebInfo|Win32
		{7EC5A778-8B3F-4147-8AB2-C0EFB5D0A844}.RelWithDebInfo|Win32.Build.0 = RelWithDebInfo|Win32
	EndGlobalSection
	GlobalSection(NestedProjects) = preSolution
		{2FAAED4F-D8A8-4772-9420-A8C255DDB46F} = {5D4140D5-627B-4835-8B8A-712EA768F7F3}
		{DE398DA2-6D3F-4D29-B28D-CE70ADD50090} = {5D4140D5-627B-4835-8B8A-712EA768F7F3}
		{5FE0D92C-709D-46C8-ABAF-617C6D6AF2C6} = {015434CF-43FE-4146-8D04-E7B101203751}
		{302C567A-E8C7-42D6-AE2D-E9FB1FF289E0} = {015434CF-43FE-4146-8D04-E7B101203751}
		{CC148689-CA98-445C-A90D-B4C1DB0A6366} = {015434CF-43FE-4146-8D04-E7B101203751}
		{F692C189-4CD0-413C-9DBF-FE43CDBA13AB} = {015434CF-43FE-4146-8D04-E7B101203751}
		{B7D5B926-D29E-4332-B356-17FBDA6E4E97} = {015434CF-43FE-4146-8D04-E7B101203751}
		{2D45BAB3-63FF-4BAD-B39C-C49D9F7D43A9} = {015434CF-43FE-4146-8D04-E7B101203751}
		{A1FE382C-1360-4FBB-81B3-D98439BC9C49} = {015434CF-43FE-4146-8D04-E7B101203751}
		{6D1E2E7B-4E02-488F-9412-05EBA421305D} = {015434CF-43FE-4146-8D04-E7B101203751}
		{0E5EF607-754F-4916-8A56-DC140272B04C} = {015434CF-43FE-4146-8D04-E7B101203751}
		{7EC5A778-8B3F-4147-8AB2-C0EFB5D0A844} = {015434CF-43FE-4146-8D04-E7B101203751}
		{4BC9233D-0709-40F5-B85F-16DAE2DA11CF} = {928B83AD-733A-4ADB-BD70-ED4B6BBF0C57}
		{8CF98E1E-35E9-4994-9AA3-9EA131CFFE90} = {928B83AD-733A-4ADB-BD70-ED4B6BBF0C57}
		{8C14CC5E-BAED-4F72-A555-39ED21365877} = {928B83AD-733A-4ADB-BD70-ED4B6BBF0C57}
		{6C00311B-B217-4CBF-B548-34AC5A6855C4} = {928B83AD-733A-4ADB-BD70-ED4B6BBF0C57}
		{E1DAD9CA-951C-4A31-AF6C-57D4A0CD3465} = {928B83AD-733A-4ADB-BD70-ED4B6BBF0C57}
		{6F24C756-A2F6-44FA-9A1A-1F0CB64DEF37} = {928B83AD-733A-4ADB-BD70-ED4B6BBF0C57}
	EndGlobalSection
	GlobalSection(ExtensibilityGlobals) = postSolution
	EndGlobalSection
	GlobalSection(ExtensibilityAddIns) = postSolution
	EndGlobalSection
EndGlobal
